Microsoft Visual Studio Solution File, Format Version 12.00
# Visual Studio 14
Project("{8BC9CEB8-8B4A-11D0-8D11-00A0C91BC942}") = "ALL_BUILD", "ALL_BUILD.vcxproj", "{7ED2DFDE-B3CE-4F31-8158-919C4BB1E963}"
	ProjectSection(ProjectDependencies) = postProject
		{56869B5B-B67E-478D-80E9-BE7CFB8EFBA9} = {56869B5B-B67E-478D-80E9-BE7CFB8EFBA9}
		{EB4C8FA1-88A0-4A41-A1DA-5063855DFABE} = {EB4C8FA1-88A0-4A41-A1DA-5063855DFABE}
	EndProjectSection
EndProject
Project("{8BC9CEB8-8B4A-11D0-8D11-00A0C91BC942}") = "RescaleResample", "RescaleResample.vcxproj", "{56869B5B-B67E-478D-80E9-BE7CFB8EFBA9}"
	ProjectSection(ProjectDependencies) = postProject
		{EB4C8FA1-88A0-4A41-A1DA-5063855DFABE} = {EB4C8FA1-88A0-4A41-A1DA-5063855DFABE}
	EndProjectSection
EndProject
Project("{8BC9CEB8-8B4A-11D0-8D11-00A0C91BC942}") = "ZERO_CHECK", "ZERO_CHECK.vcxproj", "{EB4C8FA1-88A0-4A41-A1DA-5063855DFABE}"
	ProjectSection(ProjectDependencies) = postProject
	EndProjectSection
EndProject
Global
	GlobalSection(SolutionConfigurationPlatforms) = preSolution
		Debug|x64 = Debug|x64
		Release|x64 = Release|x64
		MinSizeRel|x64 = MinSizeRel|x64
		RelWithDebInfo|x64 = RelWithDebInfo|x64
	EndGlobalSection
	GlobalSection(ProjectConfigurationPlatforms) = postSolution
		{7ED2DFDE-B3CE-4F31-8158-919C4BB1E963}.Debug|x64.ActiveCfg = Debug|x64
		{7ED2DFDE-B3CE-4F31-8158-919C4BB1E963}.Release|x64.ActiveCfg = Release|x64
		{7ED2DFDE-B3CE-4F31-8158-919C4BB1E963}.MinSizeRel|x64.ActiveCfg = MinSizeRel|x64
		{7ED2DFDE-B3CE-4F31-8158-919C4BB1E963}.RelWithDebInfo|x64.ActiveCfg = RelWithDebInfo|x64
		{56869B5B-B67E-478D-80E9-BE7CFB8EFBA9}.Debug|x64.ActiveCfg = Debug|x64
		{56869B5B-B67E-478D-80E9-BE7CFB8EFBA9}.Debug|x64.Build.0 = Debug|x64
		{56869B5B-B67E-478D-80E9-BE7CFB8EFBA9}.Release|x64.ActiveCfg = Release|x64
		{56869B5B-B67E-478D-80E9-BE7CFB8EFBA9}.Release|x64.Build.0 = Release|x64
		{56869B5B-B67E-478D-80E9-BE7CFB8EFBA9}.MinSizeRel|x64.ActiveCfg = MinSizeRel|x64
		{56869B5B-B67E-478D-80E9-BE7CFB8EFBA9}.MinSizeRel|x64.Build.0 = MinSizeRel|x64
		{56869B5B-B67E-478D-80E9-BE7CFB8EFBA9}.RelWithDebInfo|x64.ActiveCfg = RelWithDebInfo|x64
		{56869B5B-B67E-478D-80E9-BE7CFB8EFBA9}.RelWithDebInfo|x64.Build.0 = RelWithDebInfo|x64
		{EB4C8FA1-88A0-4A41-A1DA-5063855DFABE}.Debug|x64.ActiveCfg = Debug|x64
		{EB4C8FA1-88A0-4A41-A1DA-5063855DFABE}.Debug|x64.Build.0 = Debug|x64
		{EB4C8FA1-88A0-4A41-A1DA-5063855DFABE}.Release|x64.ActiveCfg = Release|x64
		{EB4C8FA1-88A0-4A41-A1DA-5063855DFABE}.Release|x64.Build.0 = Release|x64
		{EB4C8FA1-88A0-4A41-A1DA-5063855DFABE}.MinSizeRel|x64.ActiveCfg = MinSizeRel|x64
		{EB4C8FA1-88A0-4A41-A1DA-5063855DFABE}.MinSizeRel|x64.Build.0 = MinSizeRel|x64
		{EB4C8FA1-88A0-4A41-A1DA-5063855DFABE}.RelWithDebInfo|x64.ActiveCfg = RelWithDebInfo|x64
		{EB4C8FA1-88A0-4A41-A1DA-5063855DFABE}.RelWithDebInfo|x64.Build.0 = RelWithDebInfo|x64
	EndGlobalSection
	GlobalSection(ExtensibilityGlobals) = postSolution
	EndGlobalSection
	GlobalSection(ExtensibilityAddIns) = postSolution
	EndGlobalSection
EndGlobal
